
Microsoft Visual Studio Solution File, Format Version 12.00
# Visual Studio Version 17
VisualStudioVersion = 17.1.32228.430
MinimumVisualStudioVersion = 10.0.40219.1
Project("{FAE04EC0-301F-11D3-BF4B-00C04F79EFBC}") = "DesafioTecnicoDigix", "DesafioTecnicoDigix\DesafioTecnicoDigix.csproj", "{2293D06E-3A44-4B95-AB45-FF7D2F041D77}"
EndProject
Project("{FAE04EC0-301F-11D3-BF4B-00C04F79EFBC}") = "Teste", "Teste\Teste.csproj", "{784F367E-A086-4A5B-95A5-2ABB6DFD3220}"
EndProject
Global
	GlobalSection(SolutionConfigurationPlatforms) = preSolution
		Debug|Any CPU = Debug|Any CPU
		Release|Any CPU = Release|Any CPU
	EndGlobalSection
	GlobalSection(ProjectConfigurationPlatforms) = postSolution
		{2293D06E-3A44-4B95-AB45-FF7D2F041D77}.Debug|Any CPU.ActiveCfg = Debug|Any CPU
		{2293D06E-3A44-4B95-AB45-FF7D2F041D77}.Debug|Any CPU.Build.0 = Debug|Any CPU
		{2293D06E-3A44-4B95-AB45-FF7D2F041D77}.Release|Any CPU.ActiveCfg = Release|Any CPU
		{2293D06E-3A44-4B95-AB45-FF7D2F041D77}.Release|Any CPU.Build.0 = Release|Any CPU
		{784F367E-A086-4A5B-95A5-2ABB6DFD3220}.Debug|Any CPU.ActiveCfg = Debug|Any CPU
		{784F367E-A086-4A5B-95A5-2ABB6DFD3220}.Debug|Any CPU.Build.0 = Debug|Any CPU
		{784F367E-A086-4A5B-95A5-2ABB6DFD3220}.Release|Any CPU.ActiveCfg = Release|Any CPU
		{784F367E-A086-4A5B-95A5-2ABB6DFD3220}.Release|Any CPU.Build.0 = Release|Any CPU
	EndGlobalSection
	GlobalSection(SolutionProperties) = preSolution
		HideSolutionNode = FALSE
	EndGlobalSection
	GlobalSection(ExtensibilityGlobals) = postSolution
		SolutionGuid = {37C90C26-927B-4C2F-86A0-2DB672582B91}
	EndGlobalSection
EndGlobal
